{
  "name": "shotbro-test-playwright-v1",
  "version": "1.0.0",
  "lockfileVersion": 3,
  "requires": true,
  "packages": {
    "": {
      "name": "shotbro-test-playwright-v1",
      "version": "1.0.0",
      "hasInstallScript": true,
      "license": "ISC",
      "dependencies": {
        "shotbro-playwright": "file:../../packages/shotbro-playwright"
      },
      "devDependencies": {
        "@playwright/test": "^1.49.0",
        "@types/node": "^22.9.1",
        "dotenv": "^16.4.5",
        "typescript": "^5.6.3"
      }
    },
    "../../packages/shotbro-playwright": {
      "version": "2.0.0",
      "license": "MIT",
      "devDependencies": {
        "@fontsource/open-sans": "^5.1.0",
        "@playwright/test": "^1.49.0",
        "@types/node": "^18.19.64",
        "@types/pixelmatch": "^5.2.6",
        "@types/pngjs": "^6.0.5",
        "bootstrap": "^5.3.3",
        "bootstrap-icons": "^1.11.3",
        "pixelmatch": "^6.0.0",
        "pngjs": "^7.0.0",
        "ts-node": "^10.9.2",
        "tsup": "^8.3.5",
        "typescript": "^5.6.3"
      },
      "engines": {
        "node": ">=18"
      },
      "peerDependencies": {
        "@playwright/test": ">= 1"
      }
    },
    "node_modules/@playwright/test": {
      "version": "1.49.0",
      "resolved": "https://registry.npmjs.org/@playwright/test/-/test-1.49.0.tgz",
      "integrity": "sha512-DMulbwQURa8rNIQrf94+jPJQ4FmOVdpE5ZppRNvWVjvhC+6sOeo28r8MgIpQRYouXRtt/FCCXU7zn20jnHR4Qw==",
      "dev": true,
      "license": "Apache-2.0",
      "dependencies": {
        "playwright": "1.49.0"
      },
      "bin": {
        "playwright": "cli.js"
      },
      "engines": {
        "node": ">=18"
      }
    },
    "node_modules/@types/node": {
      "version": "22.9.1",
      "resolved": "https://registry.npmjs.org/@types/node/-/node-22.9.1.tgz",
      "integrity": "sha512-p8Yy/8sw1caA8CdRIQBG5tiLHmxtQKObCijiAa9Ez+d4+PRffM4054xbju0msf+cvhJpnFEeNjxmVT/0ipktrg==",
      "dev": true,
      "license": "MIT",
      "dependencies": {
        "undici-types": "~6.19.8"
      }
    },
    "node_modules/dotenv": {
      "version": "16.4.5",
      "resolved": "https://registry.npmjs.org/dotenv/-/dotenv-16.4.5.tgz",
      "integrity": "sha512-ZmdL2rui+eB2YwhsWzjInR8LldtZHGDoQ1ugH85ppHKwpUHL7j7rN0Ti9NCnGiQbhaZ11FpR+7ao1dNsmduNUg==",
      "dev": true,
      "license": "BSD-2-Clause",
      "engines": {
        "node": ">=12"
      },
      "funding": {
        "url": "https://dotenvx.com"
      }
    },
    "node_modules/fsevents": {
      "version": "2.3.2",
      "resolved": "https://registry.npmjs.org/fsevents/-/fsevents-2.3.2.tgz",
      "integrity": "sha512-xiqMQR4xAeHTuB9uWm+fFRcIOgKBMiOBP+eXiyT7jsgVCq1bkVygt00oASowB7EdtpOHaaPgKt812P9ab+DDKA==",
      "dev": true,
      "hasInstallScript": true,
      "license": "MIT",
      "optional": true,
      "os": [
        "darwin"
      ],
      "engines": {
        "node": "^8.16.0 || ^10.6.0 || >=11.0.0"
      }
    },
    "node_modules/playwright": {
      "version": "1.49.0",
      "resolved": "https://registry.npmjs.org/playwright/-/playwright-1.49.0.tgz",
      "integrity": "sha512-eKpmys0UFDnfNb3vfsf8Vx2LEOtflgRebl0Im2eQQnYMA4Aqd+Zw8bEOB+7ZKvN76901mRnqdsiOGKxzVTbi7A==",
      "dev": true,
      "license": "Apache-2.0",
      "dependencies": {
        "playwright-core": "1.49.0"
      },
      "bin": {
        "playwright": "cli.js"
      },
      "engines": {
        "node": ">=18"
      },
      "optionalDependencies": {
        "fsevents": "2.3.2"
      }
    },
    "node_modules/playwright-core": {
      "version": "1.49.0",
      "resolved": "https://registry.npmjs.org/playwright-core/-/playwright-core-1.49.0.tgz",
      "integrity": "sha512-R+3KKTQF3npy5GTiKH/T+kdhoJfJojjHESR1YEWhYuEKRVfVaxH3+4+GvXE5xyCngCxhxnykk0Vlah9v8fs3jA==",
      "dev": true,
      "license": "Apache-2.0",
      "bin": {
        "playwright-core": "cli.js"
      },
      "engines": {
        "node": ">=18"
      }
    },
    "node_modules/shotbro-playwright": {
      "resolved": "../../packages/shotbro-playwright",
      "link": true
    },
    "node_modules/typescript": {
      "version": "5.6.3",
      "resolved": "https://registry.npmjs.org/typescript/-/typescript-5.6.3.tgz",
      "integrity": "sha512-hjcS1mhfuyi4WW8IWtjP7brDrG2cuDZukyrYrSauoXGNgx0S7zceP07adYkJycEr56BOUTNPzbInooiN3fn1qw==",
      "dev": true,
      "license": "Apache-2.0",
      "bin": {
        "tsc": "bin/tsc",
        "tsserver": "bin/tsserver"
      },
      "engines": {
        "node": ">=14.17"
      }
    },
    "node_modules/undici-types": {
      "version": "6.19.8",
      "resolved": "https://registry.npmjs.org/undici-types/-/undici-types-6.19.8.tgz",
      "integrity": "sha512-ve2KP6f/JnbPBFyobGHuerC9g1FYGn/F8n1LWTwNxCEzd6IfqTwUQcNXgEtmmQ6DlRrC1hrSrBnCZPokRrDHjw==",
      "dev": true,
      "license": "MIT"
    }
  }
}
