{
  "name": "shotbro-test-playwright-v1",
  "version": "1.0.0",
  "lockfileVersion": 2,
  "requires": true,
  "packages": {
    "": {
      "name": "shotbro-test-playwright-v1",
      "version": "1.0.0",
      "hasInstallScript": true,
      "license": "ISC",
      "dependencies": {
        "shotbro-playwright": "file:../../packages/shotbro-playwright"
      },
      "devDependencies": {
        "@playwright/test": "^1.39.0",
        "@types/node": "^20.10.6",
        "dotenv": "^16.3.1",
        "typescript": "^5.2.2"
      }
    },
    "../..": {
      "version": "1.12.0",
      "license": "MIT",
      "devDependencies": {
        "@playwright/test": "^1.30.0",
        "@types/jest": "^29.4.0",
        "@types/pixelmatch": "^5.2.4",
        "@types/pngjs": "^6.0.1",
        "jest": "^29.4.1",
        "modern-normalize": "^1.1.0",
        "nock": "^13.3.0",
        "pixelmatch": "^5.3.0",
        "pngjs": "^6.0.0",
        "ts-jest": "^29.0.5",
        "ts-node": "^10.9.1",
        "typescript": "^4.9.4",
        "vite": "^4.0.4",
        "vite-plugin-dts": "^1.7.1"
      },
      "engines": {
        "node": ">=14"
      },
      "peerDependencies": {
        "@playwright/test": ">= 1"
      }
    },
    "../../packages/shotbro-playwright": {
      "version": "1.25.0",
      "license": "MIT",
      "devDependencies": {
        "@playwright/test": "^1.39.0",
        "@types/jest": "^29.5.11",
        "@types/pixelmatch": "^5.2.6",
        "@types/pngjs": "^6.0.4",
        "jest": "^29.7.0",
        "modern-normalize": "^2.0.0",
        "nock": "^13.4.0",
        "pixelmatch": "^5.3.0",
        "pngjs": "^7.0.0",
        "ts-jest": "^29.1.1",
        "ts-node": "^10.9.1",
        "tsup": "^8.0.1",
        "typescript": "^5.3.3"
      },
      "engines": {
        "node": ">=14"
      },
      "peerDependencies": {
        "@playwright/test": ">= 1"
      }
    },
    "node_modules/@playwright/test": {
      "version": "1.39.0",
      "resolved": "https://registry.npmjs.org/@playwright/test/-/test-1.39.0.tgz",
      "integrity": "sha512-3u1iFqgzl7zr004bGPYiN/5EZpRUSFddQBra8Rqll5N0/vfpqlP9I9EXqAoGacuAbX6c9Ulg/Cjqglp5VkK6UQ==",
      "dev": true,
      "dependencies": {
        "playwright": "1.39.0"
      },
      "bin": {
        "playwright": "cli.js"
      },
      "engines": {
        "node": ">=16"
      }
    },
    "node_modules/@types/node": {
      "version": "20.10.6",
      "resolved": "https://registry.npmjs.org/@types/node/-/node-20.10.6.tgz",
      "integrity": "sha512-Vac8H+NlRNNlAmDfGUP7b5h/KA+AtWIzuXy0E6OyP8f1tCLYAtPvKRRDJjAPqhpCb0t6U2j7/xqAuLEebW2kiw==",
      "dev": true,
      "dependencies": {
        "undici-types": "~5.26.4"
      }
    },
    "node_modules/dotenv": {
      "version": "16.3.1",
      "resolved": "https://registry.npmjs.org/dotenv/-/dotenv-16.3.1.tgz",
      "integrity": "sha512-IPzF4w4/Rd94bA9imS68tZBaYyBWSCE47V1RGuMrB94iyTOIEwRmVL2x/4An+6mETpLrKJ5hQkB8W4kFAadeIQ==",
      "dev": true,
      "engines": {
        "node": ">=12"
      },
      "funding": {
        "url": "https://github.com/motdotla/dotenv?sponsor=1"
      }
    },
    "node_modules/fsevents": {
      "version": "2.3.2",
      "resolved": "https://registry.npmjs.org/fsevents/-/fsevents-2.3.2.tgz",
      "integrity": "sha512-xiqMQR4xAeHTuB9uWm+fFRcIOgKBMiOBP+eXiyT7jsgVCq1bkVygt00oASowB7EdtpOHaaPgKt812P9ab+DDKA==",
      "dev": true,
      "hasInstallScript": true,
      "optional": true,
      "os": [
        "darwin"
      ],
      "engines": {
        "node": "^8.16.0 || ^10.6.0 || >=11.0.0"
      }
    },
    "node_modules/playwright": {
      "version": "1.39.0",
      "resolved": "https://registry.npmjs.org/playwright/-/playwright-1.39.0.tgz",
      "integrity": "sha512-naE5QT11uC/Oiq0BwZ50gDmy8c8WLPRTEWuSSFVG2egBka/1qMoSqYQcROMT9zLwJ86oPofcTH2jBY/5wWOgIw==",
      "dev": true,
      "dependencies": {
        "playwright-core": "1.39.0"
      },
      "bin": {
        "playwright": "cli.js"
      },
      "engines": {
        "node": ">=16"
      },
      "optionalDependencies": {
        "fsevents": "2.3.2"
      }
    },
    "node_modules/playwright-core": {
      "version": "1.39.0",
      "resolved": "https://registry.npmjs.org/playwright-core/-/playwright-core-1.39.0.tgz",
      "integrity": "sha512-+k4pdZgs1qiM+OUkSjx96YiKsXsmb59evFoqv8SKO067qBA+Z2s/dCzJij/ZhdQcs2zlTAgRKfeiiLm8PQ2qvw==",
      "dev": true,
      "bin": {
        "playwright-core": "cli.js"
      },
      "engines": {
        "node": ">=16"
      }
    },
    "node_modules/shotbro-playwright": {
      "resolved": "../../packages/shotbro-playwright",
      "link": true
    },
    "node_modules/typescript": {
      "version": "5.2.2",
      "resolved": "https://registry.npmjs.org/typescript/-/typescript-5.2.2.tgz",
      "integrity": "sha512-mI4WrpHsbCIcwT9cF4FZvr80QUeKvsUsUvKDoR+X/7XHQH98xYD8YHZg7ANtz2GtZt/CBq2QJ0thkGJMHfqc1w==",
      "dev": true,
      "bin": {
        "tsc": "bin/tsc",
        "tsserver": "bin/tsserver"
      },
      "engines": {
        "node": ">=14.17"
      }
    },
    "node_modules/undici-types": {
      "version": "5.26.5",
      "resolved": "https://registry.npmjs.org/undici-types/-/undici-types-5.26.5.tgz",
      "integrity": "sha512-JlCMO+ehdEIKqlFxk6IfVoAUVmgz7cU7zD/h9XZ0qzeosSHmUJVOzSQvvYSYWXkFXC+IfLKSIffhv0sVZup6pA==",
      "dev": true
    }
  },
  "dependencies": {
    "@playwright/test": {
      "version": "1.39.0",
      "resolved": "https://registry.npmjs.org/@playwright/test/-/test-1.39.0.tgz",
      "integrity": "sha512-3u1iFqgzl7zr004bGPYiN/5EZpRUSFddQBra8Rqll5N0/vfpqlP9I9EXqAoGacuAbX6c9Ulg/Cjqglp5VkK6UQ==",
      "dev": true,
      "requires": {
        "playwright": "1.39.0"
      }
    },
    "@types/node": {
      "version": "20.10.6",
      "resolved": "https://registry.npmjs.org/@types/node/-/node-20.10.6.tgz",
      "integrity": "sha512-Vac8H+NlRNNlAmDfGUP7b5h/KA+AtWIzuXy0E6OyP8f1tCLYAtPvKRRDJjAPqhpCb0t6U2j7/xqAuLEebW2kiw==",
      "dev": true,
      "requires": {
        "undici-types": "~5.26.4"
      }
    },
    "dotenv": {
      "version": "16.3.1",
      "resolved": "https://registry.npmjs.org/dotenv/-/dotenv-16.3.1.tgz",
      "integrity": "sha512-IPzF4w4/Rd94bA9imS68tZBaYyBWSCE47V1RGuMrB94iyTOIEwRmVL2x/4An+6mETpLrKJ5hQkB8W4kFAadeIQ==",
      "dev": true
    },
    "fsevents": {
      "version": "2.3.2",
      "resolved": "https://registry.npmjs.org/fsevents/-/fsevents-2.3.2.tgz",
      "integrity": "sha512-xiqMQR4xAeHTuB9uWm+fFRcIOgKBMiOBP+eXiyT7jsgVCq1bkVygt00oASowB7EdtpOHaaPgKt812P9ab+DDKA==",
      "dev": true,
      "optional": true
    },
    "playwright": {
      "version": "1.39.0",
      "resolved": "https://registry.npmjs.org/playwright/-/playwright-1.39.0.tgz",
      "integrity": "sha512-naE5QT11uC/Oiq0BwZ50gDmy8c8WLPRTEWuSSFVG2egBka/1qMoSqYQcROMT9zLwJ86oPofcTH2jBY/5wWOgIw==",
      "dev": true,
      "requires": {
        "fsevents": "2.3.2",
        "playwright-core": "1.39.0"
      }
    },
    "playwright-core": {
      "version": "1.39.0",
      "resolved": "https://registry.npmjs.org/playwright-core/-/playwright-core-1.39.0.tgz",
      "integrity": "sha512-+k4pdZgs1qiM+OUkSjx96YiKsXsmb59evFoqv8SKO067qBA+Z2s/dCzJij/ZhdQcs2zlTAgRKfeiiLm8PQ2qvw==",
      "dev": true
    },
    "shotbro-playwright": {
      "version": "file:../../packages/shotbro-playwright",
      "requires": {
        "@playwright/test": "^1.39.0",
        "@types/jest": "^29.5.11",
        "@types/pixelmatch": "^5.2.6",
        "@types/pngjs": "^6.0.4",
        "jest": "^29.7.0",
        "modern-normalize": "^2.0.0",
        "nock": "^13.4.0",
        "pixelmatch": "^5.3.0",
        "pngjs": "^7.0.0",
        "ts-jest": "^29.1.1",
        "ts-node": "^10.9.1",
        "tsup": "^8.0.1",
        "typescript": "^5.3.3"
      }
    },
    "typescript": {
      "version": "5.2.2",
      "resolved": "https://registry.npmjs.org/typescript/-/typescript-5.2.2.tgz",
      "integrity": "sha512-mI4WrpHsbCIcwT9cF4FZvr80QUeKvsUsUvKDoR+X/7XHQH98xYD8YHZg7ANtz2GtZt/CBq2QJ0thkGJMHfqc1w==",
      "dev": true
    },
    "undici-types": {
      "version": "5.26.5",
      "resolved": "https://registry.npmjs.org/undici-types/-/undici-types-5.26.5.tgz",
      "integrity": "sha512-JlCMO+ehdEIKqlFxk6IfVoAUVmgz7cU7zD/h9XZ0qzeosSHmUJVOzSQvvYSYWXkFXC+IfLKSIffhv0sVZup6pA==",
      "dev": true
    }
  }
}
